
Microsoft Visual Studio Solution File, Format Version 12.00
# Visual Studio Version 17
VisualStudioVersion = 17.3.32825.248
MinimumVisualStudioVersion = 10.0.40219.1
Project("{9A19103F-16F7-4668-BE54-9A1E7A4F7556}") = "_01_Identity", "_01_Identity\_01_Identity.csproj", "{A03E5817-DB8E-42F9-B42D-0FB7B273C851}"
EndProject
Project("{FAE04EC0-301F-11D3-BF4B-00C04F79EFBC}") = "_00_Repetition_EntityFramework", "_00_Repetition_EntityFramework\_00_Repetition_EntityFramework.csproj", "{7DD43402-A1A2-40C8-B0DA-4A7142F0AF2F}"
EndProject
Global
	GlobalSection(SolutionConfigurationPlatforms) = preSolution
		Debug|Any CPU = Debug|Any CPU
		Release|Any CPU = Release|Any CPU
	EndGlobalSection
	GlobalSection(ProjectConfigurationPlatforms) = postSolution
		{A03E5817-DB8E-42F9-B42D-0FB7B273C851}.Debug|Any CPU.ActiveCfg = Debug|Any CPU
		{A03E5817-DB8E-42F9-B42D-0FB7B273C851}.Debug|Any CPU.Build.0 = Debug|Any CPU
		{A03E5817-DB8E-42F9-B42D-0FB7B273C851}.Release|Any CPU.ActiveCfg = Release|Any CPU
		{A03E5817-DB8E-42F9-B42D-0FB7B273C851}.Release|Any CPU.Build.0 = Release|Any CPU
		{7DD43402-A1A2-40C8-B0DA-4A7142F0AF2F}.Debug|Any CPU.ActiveCfg = Debug|Any CPU
		{7DD43402-A1A2-40C8-B0DA-4A7142F0AF2F}.Debug|Any CPU.Build.0 = Debug|Any CPU
		{7DD43402-A1A2-40C8-B0DA-4A7142F0AF2F}.Release|Any CPU.ActiveCfg = Release|Any CPU
		{7DD43402-A1A2-40C8-B0DA-4A7142F0AF2F}.Release|Any CPU.Build.0 = Release|Any CPU
	EndGlobalSection
	GlobalSection(SolutionProperties) = preSolution
		HideSolutionNode = FALSE
	EndGlobalSection
	GlobalSection(ExtensibilityGlobals) = postSolution
		SolutionGuid = {913DB7DF-9FD6-49E8-9AB2-CC385B88A22F}
	EndGlobalSection
EndGlobal
